
Microsoft Visual Studio Solution File, Format Version 12.00
# Visual Studio 15
VisualStudioVersion = 15.0.27703.2026
MinimumVisualStudioVersion = 10.0.40219.1
Project("{FAE04EC0-301F-11D3-BF4B-00C04F79EFBC}") = "PracticaMovimiento", "PracticaMovimiento\PracticaMovimiento.csproj", "{F8E8D013-3F5A-4BFC-AF37-145ECCD1839E}"
EndProject
Global
	GlobalSection(SolutionConfigurationPlatforms) = preSolution
		Debug|Any CPU = Debug|Any CPU
		Release|Any CPU = Release|Any CPU
	EndGlobalSection
	GlobalSection(ProjectConfigurationPlatforms) = postSolution
		{F8E8D013-3F5A-4BFC-AF37-145ECCD1839E}.Debug|Any CPU.ActiveCfg = Debug|Any CPU
		{F8E8D013-3F5A-4BFC-AF37-145ECCD1839E}.Debug|Any CPU.Build.0 = Debug|Any CPU
		{F8E8D013-3F5A-4BFC-AF37-145ECCD1839E}.Release|Any CPU.ActiveCfg = Release|Any CPU
		{F8E8D013-3F5A-4BFC-AF37-145ECCD1839E}.Release|Any CPU.Build.0 = Release|Any CPU
	EndGlobalSection
	GlobalSection(SolutionProperties) = preSolution
		HideSolutionNode = FALSE
	EndGlobalSection
	GlobalSection(ExtensibilityGlobals) = postSolution
		SolutionGuid = {11C5FCFE-FDEB-44E8-9C1A-86677A322AF1}
	EndGlobalSection
EndGlobal
